{
  "requires": true,
  "lockfileVersion": 1,
  "dependencies": {
    "@types/geojson": {
      "version": "7946.0.10",
      "resolved": "https://registry.npmjs.org/@types/geojson/-/geojson-7946.0.10.tgz",
      "integrity": "sha512-Nmh0K3iWQJzniTuPRcJn5hxXkfB1T1pgB89SBig5PlJQU5yocazeu4jATJlaA0GYFKWMqDdvYemoSnF2pXgLVA=="
    },
    "react-native-maps": {
      "version": "1.7.1",
      "resolved": "https://registry.npmjs.org/react-native-maps/-/react-native-maps-1.7.1.tgz",
      "integrity": "sha512-CHVLzL+Q2jiUGgbt4/vosxVI1SukWyaLGjD62VLgR/wZpnH4Umi9ql1bmKDPWcfj2C1QZwMU0Yc7rXTbvZUIiw==",
      "requires": {
        "@types/geojson": "^7946.0.10"
      }
    }
  }
}
